
Microsoft Visual Studio Solution File, Format Version 12.00
# Visual Studio Version 16
VisualStudioVersion = 16.0.31829.152
MinimumVisualStudioVersion = 10.0.40219.1
Project("{FAE04EC0-301F-11D3-BF4B-00C04F79EFBC}") = "PollySample", "PollySample.csproj", "{29494111-8158-49B4-8551-6B5A7D9EDECA}"
EndProject
Global
	GlobalSection(SolutionConfigurationPlatforms) = preSolution
		Debug|Any CPU = Debug|Any CPU
		Release|Any CPU = Release|Any CPU
	EndGlobalSection
	GlobalSection(ProjectConfigurationPlatforms) = postSolution
		{29494111-8158-49B4-8551-6B5A7D9EDECA}.Debug|Any CPU.ActiveCfg = Debug|Any CPU
		{29494111-8158-49B4-8551-6B5A7D9EDECA}.Debug|Any CPU.Build.0 = Debug|Any CPU
		{29494111-8158-49B4-8551-6B5A7D9EDECA}.Release|Any CPU.ActiveCfg = Release|Any CPU
		{29494111-8158-49B4-8551-6B5A7D9EDECA}.Release|Any CPU.Build.0 = Release|Any CPU
	EndGlobalSection
	GlobalSection(SolutionProperties) = preSolution
		HideSolutionNode = FALSE
	EndGlobalSection
	GlobalSection(ExtensibilityGlobals) = postSolution
		SolutionGuid = {DD622785-465B-409D-B174-2E3CFD2DF6F6}
	EndGlobalSection
EndGlobal
